
Microsoft Visual Studio Solution File, Format Version 12.00
# Visual Studio Version 17
VisualStudioVersion = 17.10.34916.146
MinimumVisualStudioVersion = 10.0.40219.1
Project("{FAE04EC0-301F-11D3-BF4B-00C04F79EFBC}") = "tpc_equipo_3A", "tpc_equipo3a_inmobiliaria\tpc_equipo_3A.csproj", "{887AD341-8795-483F-92C1-00496A0CD66A}"
EndProject
Global
	GlobalSection(SolutionConfigurationPlatforms) = preSolution
		Debug|Any CPU = Debug|Any CPU
		Release|Any CPU = Release|Any CPU
	EndGlobalSection
	GlobalSection(ProjectConfigurationPlatforms) = postSolution
		{887AD341-8795-483F-92C1-00496A0CD66A}.Debug|Any CPU.ActiveCfg = Debug|Any CPU
		{887AD341-8795-483F-92C1-00496A0CD66A}.Debug|Any CPU.Build.0 = Debug|Any CPU
		{887AD341-8795-483F-92C1-00496A0CD66A}.Release|Any CPU.ActiveCfg = Release|Any CPU
		{887AD341-8795-483F-92C1-00496A0CD66A}.Release|Any CPU.Build.0 = Release|Any CPU
	EndGlobalSection
	GlobalSection(SolutionProperties) = preSolution
		HideSolutionNode = FALSE
	EndGlobalSection
	GlobalSection(ExtensibilityGlobals) = postSolution
		SolutionGuid = {8D294C3B-2FFD-4B6A-930A-617903FE5835}
	EndGlobalSection
EndGlobal
